
Microsoft Visual Studio Solution File, Format Version 12.00
# Visual Studio 15
VisualStudioVersion = 15.0.28010.2026
MinimumVisualStudioVersion = 10.0.40219.1
Project("{FAE04EC0-301F-11D3-BF4B-00C04F79EFBC}") = "RcsLauncher", "RcsLauncher\RcsLauncher.csproj", "{D13D5822-E7F1-46D9-A23E-823D8C893D2F}"
EndProject
Project("{FAE04EC0-301F-11D3-BF4B-00C04F79EFBC}") = "SandboxTouchProject", "SandboxTouchProject\SandboxTouchProject.csproj", "{101E3060-8799-4119-8A7A-4F86A01C0C84}"
EndProject
Project("{FAE04EC0-301F-11D3-BF4B-00C04F79EFBC}") = "Rcs", "Rcs\Rcs.csproj", "{0E9B554E-312A-4223-8693-3A5D9DFEC390}"
EndProject
Global
	GlobalSection(SolutionConfigurationPlatforms) = preSolution
		Debug|Any CPU = Debug|Any CPU
		Debug|iPhone = Debug|iPhone
		Debug|iPhoneSimulator = Debug|iPhoneSimulator
		Release|Any CPU = Release|Any CPU
		Release|iPhone = Release|iPhone
		Release|iPhoneSimulator = Release|iPhoneSimulator
	EndGlobalSection
	GlobalSection(ProjectConfigurationPlatforms) = postSolution
		{D13D5822-E7F1-46D9-A23E-823D8C893D2F}.Debug|Any CPU.ActiveCfg = Debug|Any CPU
		{D13D5822-E7F1-46D9-A23E-823D8C893D2F}.Debug|Any CPU.Build.0 = Debug|Any CPU
		{D13D5822-E7F1-46D9-A23E-823D8C893D2F}.Debug|iPhone.ActiveCfg = Debug|Any CPU
		{D13D5822-E7F1-46D9-A23E-823D8C893D2F}.Debug|iPhone.Build.0 = Debug|Any CPU
		{D13D5822-E7F1-46D9-A23E-823D8C893D2F}.Debug|iPhoneSimulator.ActiveCfg = Debug|Any CPU
		{D13D5822-E7F1-46D9-A23E-823D8C893D2F}.Debug|iPhoneSimulator.Build.0 = Debug|Any CPU
		{D13D5822-E7F1-46D9-A23E-823D8C893D2F}.Release|Any CPU.ActiveCfg = Release|Any CPU
		{D13D5822-E7F1-46D9-A23E-823D8C893D2F}.Release|Any CPU.Build.0 = Release|Any CPU
		{D13D5822-E7F1-46D9-A23E-823D8C893D2F}.Release|iPhone.ActiveCfg = Release|Any CPU
		{D13D5822-E7F1-46D9-A23E-823D8C893D2F}.Release|iPhone.Build.0 = Release|Any CPU
		{D13D5822-E7F1-46D9-A23E-823D8C893D2F}.Release|iPhoneSimulator.ActiveCfg = Release|Any CPU
		{D13D5822-E7F1-46D9-A23E-823D8C893D2F}.Release|iPhoneSimulator.Build.0 = Release|Any CPU
		{101E3060-8799-4119-8A7A-4F86A01C0C84}.Debug|Any CPU.ActiveCfg = Debug|iPhone
		{101E3060-8799-4119-8A7A-4F86A01C0C84}.Debug|iPhone.ActiveCfg = Debug|iPhone
		{101E3060-8799-4119-8A7A-4F86A01C0C84}.Debug|iPhone.Build.0 = Debug|iPhone
		{101E3060-8799-4119-8A7A-4F86A01C0C84}.Debug|iPhoneSimulator.ActiveCfg = Debug|iPhoneSimulator
		{101E3060-8799-4119-8A7A-4F86A01C0C84}.Debug|iPhoneSimulator.Build.0 = Debug|iPhoneSimulator
		{101E3060-8799-4119-8A7A-4F86A01C0C84}.Release|Any CPU.ActiveCfg = Release|iPhone
		{101E3060-8799-4119-8A7A-4F86A01C0C84}.Release|iPhone.ActiveCfg = Release|iPhone
		{101E3060-8799-4119-8A7A-4F86A01C0C84}.Release|iPhone.Build.0 = Release|iPhone
		{101E3060-8799-4119-8A7A-4F86A01C0C84}.Release|iPhoneSimulator.ActiveCfg = Release|iPhoneSimulator
		{101E3060-8799-4119-8A7A-4F86A01C0C84}.Release|iPhoneSimulator.Build.0 = Release|iPhoneSimulator
		{0E9B554E-312A-4223-8693-3A5D9DFEC390}.Debug|Any CPU.ActiveCfg = Debug|Any CPU
		{0E9B554E-312A-4223-8693-3A5D9DFEC390}.Debug|Any CPU.Build.0 = Debug|Any CPU
		{0E9B554E-312A-4223-8693-3A5D9DFEC390}.Debug|iPhone.ActiveCfg = Debug|Any CPU
		{0E9B554E-312A-4223-8693-3A5D9DFEC390}.Debug|iPhone.Build.0 = Debug|Any CPU
		{0E9B554E-312A-4223-8693-3A5D9DFEC390}.Debug|iPhoneSimulator.ActiveCfg = Debug|Any CPU
		{0E9B554E-312A-4223-8693-3A5D9DFEC390}.Debug|iPhoneSimulator.Build.0 = Debug|Any CPU
		{0E9B554E-312A-4223-8693-3A5D9DFEC390}.Release|Any CPU.ActiveCfg = Release|Any CPU
		{0E9B554E-312A-4223-8693-3A5D9DFEC390}.Release|Any CPU.Build.0 = Release|Any CPU
		{0E9B554E-312A-4223-8693-3A5D9DFEC390}.Release|iPhone.ActiveCfg = Release|Any CPU
		{0E9B554E-312A-4223-8693-3A5D9DFEC390}.Release|iPhone.Build.0 = Release|Any CPU
		{0E9B554E-312A-4223-8693-3A5D9DFEC390}.Release|iPhoneSimulator.ActiveCfg = Release|Any CPU
		{0E9B554E-312A-4223-8693-3A5D9DFEC390}.Release|iPhoneSimulator.Build.0 = Release|Any CPU
	EndGlobalSection
	GlobalSection(SolutionProperties) = preSolution
		HideSolutionNode = FALSE
	EndGlobalSection
	GlobalSection(ExtensibilityGlobals) = postSolution
		SolutionGuid = {BFC49409-39A4-41D4-B62B-FB654030D9C4}
	EndGlobalSection
EndGlobal
